
Microsoft Visual Studio Solution File, Format Version 12.00
# Visual Studio Version 16
VisualStudioVersion = 16.0.31911.196
MinimumVisualStudioVersion = 10.0.40219.1
Project("{9A19103F-16F7-4668-BE54-9A1E7A4F7556}") = "Sample_App", "Sample_App\Sample_App.csproj", "{DE59A52F-9BA2-4C47-8F68-20380E0CBB02}"
EndProject
Project("{930C7802-8A8C-48F9-8165-68863BCCD9DD}") = "Wix_Installer", "Wix_Installer\Wix_Installer.wixproj", "{36B73AB8-75B9-4381-AC37-5F5B683316F5}"
EndProject
Project("{930C7802-8A8C-48F9-8165-68863BCCD9DD}") = "Wix_Heat_Installer", "Wix_Heat_Installer\Wix_Heat_Installer.wixproj", "{6972B5F7-1766-4B17-B546-BC677B358814}"
EndProject
Project("{930C7802-8A8C-48F9-8165-68863BCCD9DD}") = "Bootstrapper_Sample_App", "Bootstrapper_Sample_App\Bootstrapper_Sample_App.wixproj", "{D82F98F0-E125-45AE-8260-B586569741FF}"
EndProject
Global
	GlobalSection(SolutionConfigurationPlatforms) = preSolution
		Debug|Any CPU = Debug|Any CPU
		Debug|x64 = Debug|x64
		Debug|x86 = Debug|x86
		Release|Any CPU = Release|Any CPU
		Release|x64 = Release|x64
		Release|x86 = Release|x86
	EndGlobalSection
	GlobalSection(ProjectConfigurationPlatforms) = postSolution
		{DE59A52F-9BA2-4C47-8F68-20380E0CBB02}.Debug|Any CPU.ActiveCfg = Debug|Any CPU
		{DE59A52F-9BA2-4C47-8F68-20380E0CBB02}.Debug|Any CPU.Build.0 = Debug|Any CPU
		{DE59A52F-9BA2-4C47-8F68-20380E0CBB02}.Debug|x64.ActiveCfg = Debug|Any CPU
		{DE59A52F-9BA2-4C47-8F68-20380E0CBB02}.Debug|x64.Build.0 = Debug|Any CPU
		{DE59A52F-9BA2-4C47-8F68-20380E0CBB02}.Debug|x86.ActiveCfg = Debug|Any CPU
		{DE59A52F-9BA2-4C47-8F68-20380E0CBB02}.Debug|x86.Build.0 = Debug|Any CPU
		{DE59A52F-9BA2-4C47-8F68-20380E0CBB02}.Release|Any CPU.ActiveCfg = Release|Any CPU
		{DE59A52F-9BA2-4C47-8F68-20380E0CBB02}.Release|Any CPU.Build.0 = Release|Any CPU
		{DE59A52F-9BA2-4C47-8F68-20380E0CBB02}.Release|x64.ActiveCfg = Release|Any CPU
		{DE59A52F-9BA2-4C47-8F68-20380E0CBB02}.Release|x64.Build.0 = Release|Any CPU
		{DE59A52F-9BA2-4C47-8F68-20380E0CBB02}.Release|x86.ActiveCfg = Release|Any CPU
		{DE59A52F-9BA2-4C47-8F68-20380E0CBB02}.Release|x86.Build.0 = Release|Any CPU
		{36B73AB8-75B9-4381-AC37-5F5B683316F5}.Debug|Any CPU.ActiveCfg = Debug|x86
		{36B73AB8-75B9-4381-AC37-5F5B683316F5}.Debug|x64.ActiveCfg = Debug|x86
		{36B73AB8-75B9-4381-AC37-5F5B683316F5}.Debug|x86.ActiveCfg = Debug|x86
		{36B73AB8-75B9-4381-AC37-5F5B683316F5}.Debug|x86.Build.0 = Debug|x86
		{36B73AB8-75B9-4381-AC37-5F5B683316F5}.Release|Any CPU.ActiveCfg = Release|x86
		{36B73AB8-75B9-4381-AC37-5F5B683316F5}.Release|x64.ActiveCfg = Release|x86
		{36B73AB8-75B9-4381-AC37-5F5B683316F5}.Release|x86.ActiveCfg = Release|x86
		{36B73AB8-75B9-4381-AC37-5F5B683316F5}.Release|x86.Build.0 = Release|x86
		{6972B5F7-1766-4B17-B546-BC677B358814}.Debug|Any CPU.ActiveCfg = Debug|x86
		{6972B5F7-1766-4B17-B546-BC677B358814}.Debug|x64.ActiveCfg = Debug|x64
		{6972B5F7-1766-4B17-B546-BC677B358814}.Debug|x86.ActiveCfg = Debug|x86
		{6972B5F7-1766-4B17-B546-BC677B358814}.Debug|x86.Build.0 = Debug|x86
		{6972B5F7-1766-4B17-B546-BC677B358814}.Release|Any CPU.ActiveCfg = Release|x86
		{6972B5F7-1766-4B17-B546-BC677B358814}.Release|x64.ActiveCfg = Release|x86
		{6972B5F7-1766-4B17-B546-BC677B358814}.Release|x86.ActiveCfg = Release|x86
		{6972B5F7-1766-4B17-B546-BC677B358814}.Release|x86.Build.0 = Release|x86
		{D82F98F0-E125-45AE-8260-B586569741FF}.Debug|Any CPU.ActiveCfg = Debug|x86
		{D82F98F0-E125-45AE-8260-B586569741FF}.Debug|x64.ActiveCfg = Debug|x64
		{D82F98F0-E125-45AE-8260-B586569741FF}.Debug|x86.ActiveCfg = Debug|x86
		{D82F98F0-E125-45AE-8260-B586569741FF}.Debug|x86.Build.0 = Debug|x86
		{D82F98F0-E125-45AE-8260-B586569741FF}.Release|Any CPU.ActiveCfg = Release|x86
		{D82F98F0-E125-45AE-8260-B586569741FF}.Release|x64.ActiveCfg = Release|x86
		{D82F98F0-E125-45AE-8260-B586569741FF}.Release|x86.ActiveCfg = Release|x86
		{D82F98F0-E125-45AE-8260-B586569741FF}.Release|x86.Build.0 = Release|x86
	EndGlobalSection
	GlobalSection(SolutionProperties) = preSolution
		HideSolutionNode = FALSE
	EndGlobalSection
	GlobalSection(ExtensibilityGlobals) = postSolution
		SolutionGuid = {4F473A82-9E50-443A-B9E3-58FE74D570AF}
	EndGlobalSection
EndGlobal
